
Microsoft Visual Studio Solution File, Format Version 12.00
# Visual Studio Version 16
VisualStudioVersion = 16.0.29609.76
MinimumVisualStudioVersion = 10.0.40219.1
Project("{9A19103F-16F7-4668-BE54-9A1E7A4F7556}") = "TDG.CORE.ETL.CDS", "TDG.CORE.ETL.CDS\TDG.CORE.ETL.CDS.csproj", "{E34681AA-D00D-49EE-8B33-CAEC38CF8221}"
EndProject
Project("{FAE04EC0-301F-11D3-BF4B-00C04F79EFBC}") = "TDG.CORE.ETL.EXTENSIONS", "TDG.CORE.ETL.EXTENSIONS\TDG.CORE.ETL.EXTENSIONS.csproj", "{63FEA08C-F0AD-4071-89BD-D9A926B6FB3E}"
EndProject
Project("{FAE04EC0-301F-11D3-BF4B-00C04F79EFBC}") = "TDG.CORE.ETL.CDS.CONSOLE", "TDG.CORE.ETL.CDS.CONSOLE\TDG.CORE.ETL.CDS.CONSOLE.csproj", "{06E79C5F-3024-400F-80D5-A1A493831CFE}"
EndProject
Project("{FAE04EC0-301F-11D3-BF4B-00C04F79EFBC}") = "TDG.CORE.ETL.RESOURCES", "TDG.CORE.ETL.RESOURCES\TDG.CORE.ETL.RESOURCES.csproj", "{736B66BD-7523-40C1-B02F-EDE32BF0BFF6}"
EndProject
Project("{FAE04EC0-301F-11D3-BF4B-00C04F79EFBC}") = "TDG.CORE.ETL.MODELS", "TDG.CORE.ETL.MODELS\TDG.CORE.ETL.MODELS.csproj", "{45BF5593-6020-4771-9420-DF5C8A7C4104}"
EndProject
Project("{FAE04EC0-301F-11D3-BF4B-00C04F79EFBC}") = "TDG.CORE.ETL.XML", "TDG.CORE.ETL.XML\TDG.CORE.ETL.XML.csproj", "{03EDFF83-1ACE-419E-9E93-A680CF8DA96F}"
EndProject
Project("{FAE04EC0-301F-11D3-BF4B-00C04F79EFBC}") = "TDG.CORE.ETL.EXCEL", "TDG.CORE.ETL.EXCEL\TDG.CORE.ETL.EXCEL.csproj", "{B8BB90ED-9930-4FE1-8E12-5C34F6CB1C44}"
EndProject
Project("{FAE04EC0-301F-11D3-BF4B-00C04F79EFBC}") = "TDG.CORE.ETL.XML.CONSOLE", "TDG.CORE.ETL.XML.CONSOLE\TDG.CORE.ETL.XML.CONSOLE.csproj", "{3E60FB72-025A-4094-87D9-4B88838F479E}"
EndProject
Project("{FAE04EC0-301F-11D3-BF4B-00C04F79EFBC}") = "TDG.CORE.ETL.CONSTANTS", "TDG.CORE.ETL.CONSTANTS\TDG.CORE.ETL.CONSTANTS.csproj", "{3DB7621F-FFA3-449B-9961-B5D4A77B1EBF}"
EndProject
Project("{FAE04EC0-301F-11D3-BF4B-00C04F79EFBC}") = "TDG.CORE.INTEGRATION.LEGAPI", "TDG.CORE.INTEGRATION.LEGAPI\TDG.CORE.INTEGRATION.LEGAPI.csproj", "{1C8C26BD-33EE-47B0-B23E-A10BDE84EF9B}"
EndProject
Project("{FAE04EC0-301F-11D3-BF4B-00C04F79EFBC}") = "TDG.CORE.ETL", "TDG.CORE.ETL\TDG.CORE.ETL.csproj", "{E3B6F8B0-BC69-417F-A239-2704173BD35B}"
EndProject
Global
	GlobalSection(SolutionConfigurationPlatforms) = preSolution
		Debug|Any CPU = Debug|Any CPU
		Release|Any CPU = Release|Any CPU
	EndGlobalSection
	GlobalSection(ProjectConfigurationPlatforms) = postSolution
		{E34681AA-D00D-49EE-8B33-CAEC38CF8221}.Debug|Any CPU.ActiveCfg = Debug|Any CPU
		{E34681AA-D00D-49EE-8B33-CAEC38CF8221}.Debug|Any CPU.Build.0 = Debug|Any CPU
		{E34681AA-D00D-49EE-8B33-CAEC38CF8221}.Release|Any CPU.ActiveCfg = Release|Any CPU
		{E34681AA-D00D-49EE-8B33-CAEC38CF8221}.Release|Any CPU.Build.0 = Release|Any CPU
		{63FEA08C-F0AD-4071-89BD-D9A926B6FB3E}.Debug|Any CPU.ActiveCfg = Debug|Any CPU
		{63FEA08C-F0AD-4071-89BD-D9A926B6FB3E}.Debug|Any CPU.Build.0 = Debug|Any CPU
		{63FEA08C-F0AD-4071-89BD-D9A926B6FB3E}.Release|Any CPU.ActiveCfg = Release|Any CPU
		{63FEA08C-F0AD-4071-89BD-D9A926B6FB3E}.Release|Any CPU.Build.0 = Release|Any CPU
		{06E79C5F-3024-400F-80D5-A1A493831CFE}.Debug|Any CPU.ActiveCfg = Debug|Any CPU
		{06E79C5F-3024-400F-80D5-A1A493831CFE}.Debug|Any CPU.Build.0 = Debug|Any CPU
		{06E79C5F-3024-400F-80D5-A1A493831CFE}.Release|Any CPU.ActiveCfg = Release|Any CPU
		{06E79C5F-3024-400F-80D5-A1A493831CFE}.Release|Any CPU.Build.0 = Release|Any CPU
		{736B66BD-7523-40C1-B02F-EDE32BF0BFF6}.Debug|Any CPU.ActiveCfg = Debug|Any CPU
		{736B66BD-7523-40C1-B02F-EDE32BF0BFF6}.Debug|Any CPU.Build.0 = Debug|Any CPU
		{736B66BD-7523-40C1-B02F-EDE32BF0BFF6}.Release|Any CPU.ActiveCfg = Release|Any CPU
		{736B66BD-7523-40C1-B02F-EDE32BF0BFF6}.Release|Any CPU.Build.0 = Release|Any CPU
		{45BF5593-6020-4771-9420-DF5C8A7C4104}.Debug|Any CPU.ActiveCfg = Debug|Any CPU
		{45BF5593-6020-4771-9420-DF5C8A7C4104}.Debug|Any CPU.Build.0 = Debug|Any CPU
		{45BF5593-6020-4771-9420-DF5C8A7C4104}.Release|Any CPU.ActiveCfg = Release|Any CPU
		{45BF5593-6020-4771-9420-DF5C8A7C4104}.Release|Any CPU.Build.0 = Release|Any CPU
		{03EDFF83-1ACE-419E-9E93-A680CF8DA96F}.Debug|Any CPU.ActiveCfg = Debug|Any CPU
		{03EDFF83-1ACE-419E-9E93-A680CF8DA96F}.Debug|Any CPU.Build.0 = Debug|Any CPU
		{03EDFF83-1ACE-419E-9E93-A680CF8DA96F}.Release|Any CPU.ActiveCfg = Release|Any CPU
		{03EDFF83-1ACE-419E-9E93-A680CF8DA96F}.Release|Any CPU.Build.0 = Release|Any CPU
		{B8BB90ED-9930-4FE1-8E12-5C34F6CB1C44}.Debug|Any CPU.ActiveCfg = Debug|Any CPU
		{B8BB90ED-9930-4FE1-8E12-5C34F6CB1C44}.Debug|Any CPU.Build.0 = Debug|Any CPU
		{B8BB90ED-9930-4FE1-8E12-5C34F6CB1C44}.Release|Any CPU.ActiveCfg = Release|Any CPU
		{B8BB90ED-9930-4FE1-8E12-5C34F6CB1C44}.Release|Any CPU.Build.0 = Release|Any CPU
		{3E60FB72-025A-4094-87D9-4B88838F479E}.Debug|Any CPU.ActiveCfg = Debug|Any CPU
		{3E60FB72-025A-4094-87D9-4B88838F479E}.Debug|Any CPU.Build.0 = Debug|Any CPU
		{3E60FB72-025A-4094-87D9-4B88838F479E}.Release|Any CPU.ActiveCfg = Release|Any CPU
		{3E60FB72-025A-4094-87D9-4B88838F479E}.Release|Any CPU.Build.0 = Release|Any CPU
		{3DB7621F-FFA3-449B-9961-B5D4A77B1EBF}.Debug|Any CPU.ActiveCfg = Debug|Any CPU
		{3DB7621F-FFA3-449B-9961-B5D4A77B1EBF}.Debug|Any CPU.Build.0 = Debug|Any CPU
		{3DB7621F-FFA3-449B-9961-B5D4A77B1EBF}.Release|Any CPU.ActiveCfg = Release|Any CPU
		{3DB7621F-FFA3-449B-9961-B5D4A77B1EBF}.Release|Any CPU.Build.0 = Release|Any CPU
		{1C8C26BD-33EE-47B0-B23E-A10BDE84EF9B}.Debug|Any CPU.ActiveCfg = Debug|Any CPU
		{1C8C26BD-33EE-47B0-B23E-A10BDE84EF9B}.Debug|Any CPU.Build.0 = Debug|Any CPU
		{1C8C26BD-33EE-47B0-B23E-A10BDE84EF9B}.Release|Any CPU.ActiveCfg = Release|Any CPU
		{1C8C26BD-33EE-47B0-B23E-A10BDE84EF9B}.Release|Any CPU.Build.0 = Release|Any CPU
		{E3B6F8B0-BC69-417F-A239-2704173BD35B}.Debug|Any CPU.ActiveCfg = Debug|Any CPU
		{E3B6F8B0-BC69-417F-A239-2704173BD35B}.Debug|Any CPU.Build.0 = Debug|Any CPU
		{E3B6F8B0-BC69-417F-A239-2704173BD35B}.Release|Any CPU.ActiveCfg = Release|Any CPU
		{E3B6F8B0-BC69-417F-A239-2704173BD35B}.Release|Any CPU.Build.0 = Release|Any CPU
	EndGlobalSection
	GlobalSection(SolutionProperties) = preSolution
		HideSolutionNode = FALSE
	EndGlobalSection
	GlobalSection(ExtensibilityGlobals) = postSolution
		SolutionGuid = {B4DF6554-CE6C-4E7D-94E7-670314B675B3}
	EndGlobalSection
EndGlobal
