
Microsoft Visual Studio Solution File, Format Version 12.00
# Visual Studio 15
VisualStudioVersion = 15.0.28307.1340
MinimumVisualStudioVersion = 10.0.40219.1
Project("{159641D6-6404-4A2A-AE62-294DE0FE8301}") = "TDG.CORE.ETL.KINGSWAY", "TDG.CORE.ETL.KINGSWAY.dtproj", "{F066A4AC-1486-44BE-BCD5-7313B42009CD}"
EndProject
Global
	GlobalSection(SolutionConfigurationPlatforms) = preSolution
		Azure|Default = Azure|Default
		Development|Default = Development|Default
	EndGlobalSection
	GlobalSection(ProjectConfigurationPlatforms) = postSolution
		{F066A4AC-1486-44BE-BCD5-7313B42009CD}.Azure|Default.ActiveCfg = Development
		{F066A4AC-1486-44BE-BCD5-7313B42009CD}.Azure|Default.Build.0 = Development
		{F066A4AC-1486-44BE-BCD5-7313B42009CD}.Development|Default.ActiveCfg = Development
		{F066A4AC-1486-44BE-BCD5-7313B42009CD}.Development|Default.Build.0 = Development
	EndGlobalSection
	GlobalSection(SolutionProperties) = preSolution
		HideSolutionNode = FALSE
	EndGlobalSection
	GlobalSection(ExtensibilityGlobals) = postSolution
		SolutionGuid = {A45DE01D-7416-48C0-B14D-30FBC22C8905}
	EndGlobalSection
EndGlobal
